
Microsoft Visual Studio Solution File, Format Version 12.00
# Visual Studio Version 17
VisualStudioVersion = 17.4.33213.308
MinimumVisualStudioVersion = 10.0.40219.1
Project("{FAE04EC0-301F-11D3-BF4B-00C04F79EFBC}") = "Examen_R", "Examen_R.csproj", "{56CE4198-ABE1-43F3-9811-4126D7642D33}"
EndProject
Global
	GlobalSection(SolutionConfigurationPlatforms) = preSolution
		Debug|Any CPU = Debug|Any CPU
		Release|Any CPU = Release|Any CPU
	EndGlobalSection
	GlobalSection(ProjectConfigurationPlatforms) = postSolution
		{56CE4198-ABE1-43F3-9811-4126D7642D33}.Debug|Any CPU.ActiveCfg = Debug|Any CPU
		{56CE4198-ABE1-43F3-9811-4126D7642D33}.Debug|Any CPU.Build.0 = Debug|Any CPU
		{56CE4198-ABE1-43F3-9811-4126D7642D33}.Release|Any CPU.ActiveCfg = Release|Any CPU
		{56CE4198-ABE1-43F3-9811-4126D7642D33}.Release|Any CPU.Build.0 = Release|Any CPU
	EndGlobalSection
	GlobalSection(SolutionProperties) = preSolution
		HideSolutionNode = FALSE
	EndGlobalSection
	GlobalSection(ExtensibilityGlobals) = postSolution
		SolutionGuid = {8E0ADD49-54F8-4BD6-A35E-3CA43F3DDA36}
	EndGlobalSection
EndGlobal
